
Microsoft Visual Studio Solution File, Format Version 12.00
# Visual Studio Version 17
VisualStudioVersion = 17.7.34024.191
MinimumVisualStudioVersion = 10.0.40219.1
Project("{FAE04EC0-301F-11D3-BF4B-00C04F79EFBC}") = "MyFirstConsoleApplication", "MyFirstConsoleApplication\MyFirstConsoleApplication.csproj", "{A867A2D1-64C4-4DC4-8403-B1387FD9BAC7}"
EndProject
Global
	GlobalSection(SolutionConfigurationPlatforms) = preSolution
		Debug|Any CPU = Debug|Any CPU
		Release|Any CPU = Release|Any CPU
	EndGlobalSection
	GlobalSection(ProjectConfigurationPlatforms) = postSolution
		{A867A2D1-64C4-4DC4-8403-B1387FD9BAC7}.Debug|Any CPU.ActiveCfg = Debug|Any CPU
		{A867A2D1-64C4-4DC4-8403-B1387FD9BAC7}.Debug|Any CPU.Build.0 = Debug|Any CPU
		{A867A2D1-64C4-4DC4-8403-B1387FD9BAC7}.Release|Any CPU.ActiveCfg = Release|Any CPU
		{A867A2D1-64C4-4DC4-8403-B1387FD9BAC7}.Release|Any CPU.Build.0 = Release|Any CPU
	EndGlobalSection
	GlobalSection(SolutionProperties) = preSolution
		HideSolutionNode = FALSE
	EndGlobalSection
	GlobalSection(ExtensibilityGlobals) = postSolution
		SolutionGuid = {5C2AB5A9-E2F8-4E18-9C37-86337719E3F4}
	EndGlobalSection
EndGlobal
